// !$*UTF8*$!
{
	archiveVersion = 1;
	classes = {
	};
	objectVersion = 46;
	objects = {

/* Begin PBXBuildFile section */
		5E344A8B1A011ADA00FC33BD /* carray.c in Sources */ = {isa = PBXBuildFile; fileRef = 5E344A851A011ADA00FC33BD /* carray.c */; };
		5E344A8C1A011ADA00FC33BD /* log.c in Sources */ = {isa = PBXBuildFile; fileRef = 5E344A871A011ADA00FC33BD /* log.c */; };
		5E344A8D1A011ADA00FC33BD /* render.c in Sources */ = {isa = PBXBuildFile; fileRef = 5E344A891A011ADA00FC33BD /* render.c */; };
		AE45D96B1A7F288500B2C552 /* lutf8lib.c in Sources */ = {isa = PBXBuildFile; fileRef = AE45D96A1A7F288500B2C552 /* lutf8lib.c */; };
		AE7789AF19C161E300AFCC14 /* lrenderbuffer.c in Sources */ = {isa = PBXBuildFile; fileRef = AE7789AD19C161E300AFCC14 /* lrenderbuffer.c */; };
		AE7789B019C161E300AFCC14 /* renderbuffer.c in Sources */ = {isa = PBXBuildFile; fileRef = AE7789AE19C161E300AFCC14 /* renderbuffer.c */; };
		E675687F18756D8B00466F0C /* scissor.c in Sources */ = {isa = PBXBuildFile; fileRef = E675687D18756D8B00466F0C /* scissor.c */; };
		E6C2315C187275D10029D57B /* Foundation.framework in Frameworks */ = {isa = PBXBuildFile; fileRef = E6C2315B187275D10029D57B /* Foundation.framework */; };
		E6C2315E187275D10029D57B /* CoreGraphics.framework in Frameworks */ = {isa = PBXBuildFile; fileRef = E6C2315D187275D10029D57B /* CoreGraphics.framework */; };
		E6C23160187275D10029D57B /* UIKit.framework in Frameworks */ = {isa = PBXBuildFile; fileRef = E6C2315F187275D10029D57B /* UIKit.framework */; };
		E6C23166187275D10029D57B /* InfoPlist.strings in Resources */ = {isa = PBXBuildFile; fileRef = E6C23164187275D10029D57B /* InfoPlist.strings */; };
		E6C23168187275D10029D57B /* main.m in Sources */ = {isa = PBXBuildFile; fileRef = E6C23167187275D10029D57B /* main.m */; };
		E6C2316C187275D20029D57B /* EJAppDelegate.m in Sources */ = {isa = PBXBuildFile; fileRef = E6C2316B187275D20029D57B /* EJAppDelegate.m */; };
		E6C2316E187275D20029D57B /* Images.xcassets in Resources */ = {isa = PBXBuildFile; fileRef = E6C2316D187275D20029D57B /* Images.xcassets */; };
		E6C2318E187288C50029D57B /* EJViewController.m in Sources */ = {isa = PBXBuildFile; fileRef = E6C2318D187288C50029D57B /* EJViewController.m */; };
		E6C23193187291A80029D57B /* OpenGLES.framework in Frameworks */ = {isa = PBXBuildFile; fileRef = E6C23192187291A80029D57B /* OpenGLES.framework */; };
		E6C262E51872A91B008035E3 /* winfw.c in Sources */ = {isa = PBXBuildFile; fileRef = E6C262E41872A91B008035E3 /* winfw.c */; };
		E6C263F11872ACEC008035E3 /* dfont.c in Sources */ = {isa = PBXBuildFile; fileRef = E6C263E11872ACEB008035E3 /* dfont.c */; };
		E6C263F21872ACEC008035E3 /* ejoy2dgame.c in Sources */ = {isa = PBXBuildFile; fileRef = E6C263E21872ACEC008035E3 /* ejoy2dgame.c */; };
		E6C263F31872ACEC008035E3 /* fault.c in Sources */ = {isa = PBXBuildFile; fileRef = E6C263E31872ACEC008035E3 /* fault.c */; };
		E6C263F41872ACEC008035E3 /* label.c in Sources */ = {isa = PBXBuildFile; fileRef = E6C263E41872ACEC008035E3 /* label.c */; };
		E6C263F51872ACEC008035E3 /* lmatrix.c in Sources */ = {isa = PBXBuildFile; fileRef = E6C263E51872ACEC008035E3 /* lmatrix.c */; };
		E6C263F61872ACEC008035E3 /* lparticle.c in Sources */ = {isa = PBXBuildFile; fileRef = E6C263E61872ACEC008035E3 /* lparticle.c */; };
		E6C263F71872ACEC008035E3 /* lshader.c in Sources */ = {isa = PBXBuildFile; fileRef = E6C263E71872ACEC008035E3 /* lshader.c */; };
		E6C263F81872ACEC008035E3 /* lsprite.c in Sources */ = {isa = PBXBuildFile; fileRef = E6C263E81872ACEC008035E3 /* lsprite.c */; };
		E6C263F91872ACEC008035E3 /* matrix.c in Sources */ = {isa = PBXBuildFile; fileRef = E6C263E91872ACEC008035E3 /* matrix.c */; };
		E6C263FA1872ACEC008035E3 /* particle.c in Sources */ = {isa = PBXBuildFile; fileRef = E6C263EA1872ACEC008035E3 /* particle.c */; };
		E6C263FB1872ACEC008035E3 /* ppm.c in Sources */ = {isa = PBXBuildFile; fileRef = E6C263EB1872ACEC008035E3 /* ppm.c */; };
		E6C263FC1872ACEC008035E3 /* screen.c in Sources */ = {isa = PBXBuildFile; fileRef = E6C263EC1872ACEC008035E3 /* screen.c */; };
		E6C263FD1872ACEC008035E3 /* shader.c in Sources */ = {isa = PBXBuildFile; fileRef = E6C263ED1872ACEC008035E3 /* shader.c */; };
		E6C263FE1872ACEC008035E3 /* sprite.c in Sources */ = {isa = PBXBuildFile; fileRef = E6C263EE1872ACEC008035E3 /* sprite.c */; };
		E6C263FF1872ACEC008035E3 /* spritepack.c in Sources */ = {isa = PBXBuildFile; fileRef = E6C263EF1872ACEC008035E3 /* spritepack.c */; };
		E6C264001872ACEC008035E3 /* texture.c in Sources */ = {isa = PBXBuildFile; fileRef = E6C263F01872ACEC008035E3 /* texture.c */; };
		E6C264141872B266008035E3 /* font.m in Sources */ = {isa = PBXBuildFile; fileRef = E6C264131872B266008035E3 /* font.m */; settings = {COMPILER_FLAGS = "-fno-objc-arc"; }; };
		E6C264301872CE15008035E3 /* ejoy2d in Resources */ = {isa = PBXBuildFile; fileRef = E6C2642C1872CD4D008035E3 /* ejoy2d */; };
		E6C264321872E451008035E3 /* examples in Resources */ = {isa = PBXBuildFile; fileRef = E6C264311872E451008035E3 /* examples */; };
		E6C26434187308CB008035E3 /* GLKit.framework in Frameworks */ = {isa = PBXBuildFile; fileRef = E6C26433187308CB008035E3 /* GLKit.framework */; };
		E6EF880218D2CE0800F01E49 /* lapi.c in Sources */ = {isa = PBXBuildFile; fileRef = E6EF87CA18D2CE0800F01E49 /* lapi.c */; };
		E6EF880318D2CE0800F01E49 /* lauxlib.c in Sources */ = {isa = PBXBuildFile; fileRef = E6EF87CC18D2CE0800F01E49 /* lauxlib.c */; };
		E6EF880418D2CE0800F01E49 /* lbaselib.c in Sources */ = {isa = PBXBuildFile; fileRef = E6EF87CE18D2CE0800F01E49 /* lbaselib.c */; };
		E6EF880518D2CE0800F01E49 /* lbitlib.c in Sources */ = {isa = PBXBuildFile; fileRef = E6EF87CF18D2CE0800F01E49 /* lbitlib.c */; };
		E6EF880618D2CE0800F01E49 /* lcode.c in Sources */ = {isa = PBXBuildFile; fileRef = E6EF87D018D2CE0800F01E49 /* lcode.c */; };
		E6EF880718D2CE0800F01E49 /* lcorolib.c in Sources */ = {isa = PBXBuildFile; fileRef = E6EF87D218D2CE0800F01E49 /* lcorolib.c */; };
		E6EF880818D2CE0800F01E49 /* lctype.c in Sources */ = {isa = PBXBuildFile; fileRef = E6EF87D318D2CE0800F01E49 /* lctype.c */; };
		E6EF880918D2CE0800F01E49 /* ldblib.c in Sources */ = {isa = PBXBuildFile; fileRef = E6EF87D518D2CE0800F01E49 /* ldblib.c */; };
		E6EF880A18D2CE0800F01E49 /* ldebug.c in Sources */ = {isa = PBXBuildFile; fileRef = E6EF87D618D2CE0800F01E49 /* ldebug.c */; };
		E6EF880B18D2CE0800F01E49 /* ldo.c in Sources */ = {isa = PBXBuildFile; fileRef = E6EF87D818D2CE0800F01E49 /* ldo.c */; };
		E6EF880C18D2CE0800F01E49 /* ldump.c in Sources */ = {isa = PBXBuildFile; fileRef = E6EF87DA18D2CE0800F01E49 /* ldump.c */; };
		E6EF880D18D2CE0800F01E49 /* lfunc.c in Sources */ = {isa = PBXBuildFile; fileRef = E6EF87DB18D2CE0800F01E49 /* lfunc.c */; };
		E6EF880E18D2CE0800F01E49 /* lgc.c in Sources */ = {isa = PBXBuildFile; fileRef = E6EF87DD18D2CE0800F01E49 /* lgc.c */; };
		E6EF880F18D2CE0800F01E49 /* linit.c in Sources */ = {isa = PBXBuildFile; fileRef = E6EF87DF18D2CE0800F01E49 /* linit.c */; };
		E6EF881018D2CE0800F01E49 /* liolib.c in Sources */ = {isa = PBXBuildFile; fileRef = E6EF87E018D2CE0800F01E49 /* liolib.c */; };
		E6EF881118D2CE0800F01E49 /* llex.c in Sources */ = {isa = PBXBuildFile; fileRef = E6EF87E118D2CE0800F01E49 /* llex.c */; };
		E6EF881218D2CE0800F01E49 /* lmathlib.c in Sources */ = {isa = PBXBuildFile; fileRef = E6EF87E418D2CE0800F01E49 /* lmathlib.c */; };
		E6EF881318D2CE0800F01E49 /* lmem.c in Sources */ = {isa = PBXBuildFile; fileRef = E6EF87E518D2CE0800F01E49 /* lmem.c */; };
		E6EF881418D2CE0800F01E49 /* loadlib.c in Sources */ = {isa = PBXBuildFile; fileRef = E6EF87E718D2CE0800F01E49 /* loadlib.c */; };
		E6EF881518D2CE0800F01E49 /* lobject.c in Sources */ = {isa = PBXBuildFile; fileRef = E6EF87E818D2CE0800F01E49 /* lobject.c */; };
		E6EF881618D2CE0800F01E49 /* lopcodes.c in Sources */ = {isa = PBXBuildFile; fileRef = E6EF87EA18D2CE0800F01E49 /* lopcodes.c */; };
		E6EF881718D2CE0800F01E49 /* loslib.c in Sources */ = {isa = PBXBuildFile; fileRef = E6EF87EC18D2CE0800F01E49 /* loslib.c */; };
		E6EF881818D2CE0800F01E49 /* lparser.c in Sources */ = {isa = PBXBuildFile; fileRef = E6EF87ED18D2CE0800F01E49 /* lparser.c */; };
		E6EF881918D2CE0800F01E49 /* lstate.c in Sources */ = {isa = PBXBuildFile; fileRef = E6EF87EF18D2CE0800F01E49 /* lstate.c */; };
		E6EF881A18D2CE0800F01E49 /* lstring.c in Sources */ = {isa = PBXBuildFile; fileRef = E6EF87F118D2CE0800F01E49 /* lstring.c */; };
		E6EF881B18D2CE0800F01E49 /* lstrlib.c in Sources */ = {isa = PBXBuildFile; fileRef = E6EF87F318D2CE0800F01E49 /* lstrlib.c */; };
		E6EF881C18D2CE0800F01E49 /* ltable.c in Sources */ = {isa = PBXBuildFile; fileRef = E6EF87F418D2CE0800F01E49 /* ltable.c */; };
		E6EF881D18D2CE0800F01E49 /* ltablib.c in Sources */ = {isa = PBXBuildFile; fileRef = E6EF87F618D2CE0800F01E49 /* ltablib.c */; };
		E6EF881E18D2CE0800F01E49 /* ltm.c in Sources */ = {isa = PBXBuildFile; fileRef = E6EF87F718D2CE0800F01E49 /* ltm.c */; };
		E6EF881F18D2CE0800F01E49 /* lundump.c in Sources */ = {isa = PBXBuildFile; fileRef = E6EF87FC18D2CE0800F01E49 /* lundump.c */; };
		E6EF882018D2CE0800F01E49 /* lvm.c in Sources */ = {isa = PBXBuildFile; fileRef = E6EF87FE18D2CE0800F01E49 /* lvm.c */; };
		E6EF882118D2CE0800F01E49 /* lzio.c in Sources */ = {isa = PBXBuildFile; fileRef = E6EF880018D2CE0800F01E49 /* lzio.c */; };
/* End PBXBuildFile section */

/* Begin PBXFileReference section */
		5E344A7C1A0119F800FC33BD /* array.h */ = {isa = PBXFileReference; fileEncoding = 4; lastKnownFileType = sourcecode.c.h; name = array.h; path = ../../lib/array.h; sourceTree = "<group>"; };
		5E344A7D1A0119F800FC33BD /* lrenderbuffer.h */ = {isa = PBXFileReference; fileEncoding = 4; lastKnownFileType = sourcecode.c.h; name = lrenderbuffer.h; path = ../../lib/lrenderbuffer.h; sourceTree = "<group>"; };
		5E344A7E1A0119F800FC33BD /* platform_print.h */ = {isa = PBXFileReference; fileEncoding = 4; lastKnownFileType = sourcecode.c.h; name = platform_print.h; path = ../../lib/platform_print.h; sourceTree = "<group>"; };
		5E344A801A0119F800FC33BD /* renderbuffer.h */ = {isa = PBXFileReference; fileEncoding = 4; lastKnownFileType = sourcecode.c.h; name = renderbuffer.h; path = ../../lib/renderbuffer.h; sourceTree = "<group>"; };
		5E344A831A011ADA00FC33BD /* blendmode.h */ = {isa = PBXFileReference; fileEncoding = 4; lastKnownFileType = sourcecode.c.h; path = blendmode.h; sourceTree = "<group>"; };
		5E344A841A011ADA00FC33BD /* block.h */ = {isa = PBXFileReference; fileEncoding = 4; lastKnownFileType = sourcecode.c.h; path = block.h; sourceTree = "<group>"; };
		5E344A851A011ADA00FC33BD /* carray.c */ = {isa = PBXFileReference; fileEncoding = 4; lastKnownFileType = sourcecode.c.c; path = carray.c; sourceTree = "<group>"; };
		5E344A861A011ADA00FC33BD /* carray.h */ = {isa = PBXFileReference; fileEncoding = 4; lastKnownFileType = sourcecode.c.h; path = carray.h; sourceTree = "<group>"; };
		5E344A871A011ADA00FC33BD /* log.c */ = {isa = PBXFileReference; fileEncoding = 4; lastKnownFileType = sourcecode.c.c; path = log.c; sourceTree = "<group>"; };
		5E344A881A011ADA00FC33BD /* log.h */ = {isa = PBXFileReference; fileEncoding = 4; lastKnownFileType = sourcecode.c.h; path = log.h; sourceTree = "<group>"; };
		5E344A891A011ADA00FC33BD /* render.c */ = {isa = PBXFileReference; fileEncoding = 4; lastKnownFileType = sourcecode.c.c; path = render.c; sourceTree = "<group>"; };
		5E344A8A1A011ADA00FC33BD /* render.h */ = {isa = PBXFileReference; fileEncoding = 4; lastKnownFileType = sourcecode.c.h; path = render.h; sourceTree = "<group>"; };
		AE45D9681A7F288500B2C552 /* lprefix.h */ = {isa = PBXFileReference; fileEncoding = 4; lastKnownFileType = sourcecode.c.h; path = lprefix.h; sourceTree = "<group>"; };
		AE45D9691A7F288500B2C552 /* lua.hpp */ = {isa = PBXFileReference; fileEncoding = 4; lastKnownFileType = sourcecode.cpp.h; path = lua.hpp; sourceTree = "<group>"; };
		AE45D96A1A7F288500B2C552 /* lutf8lib.c */ = {isa = PBXFileReference; fileEncoding = 4; lastKnownFileType = sourcecode.c.c; path = lutf8lib.c; sourceTree = "<group>"; };
		AE7789AD19C161E300AFCC14 /* lrenderbuffer.c */ = {isa = PBXFileReference; fileEncoding = 4; lastKnownFileType = sourcecode.c.c; name = lrenderbuffer.c; path = ../../lib/lrenderbuffer.c; sourceTree = "<group>"; };
		AE7789AE19C161E300AFCC14 /* renderbuffer.c */ = {isa = PBXFileReference; fileEncoding = 4; lastKnownFileType = sourcecode.c.c; name = renderbuffer.c; path = ../../lib/renderbuffer.c; sourceTree = "<group>"; };
		E675687D18756D8B00466F0C /* scissor.c */ = {isa = PBXFileReference; fileEncoding = 4; lastKnownFileType = sourcecode.c.c; name = scissor.c; path = ../../lib/scissor.c; sourceTree = "<group>"; };
		E675687E18756D8B00466F0C /* scissor.h */ = {isa = PBXFileReference; fileEncoding = 4; lastKnownFileType = sourcecode.c.h; name = scissor.h; path = ../../lib/scissor.h; sourceTree = "<group>"; };
		E6C23158187275D10029D57B /* example.app */ = {isa = PBXFileReference; explicitFileType = wrapper.application; includeInIndex = 0; path = example.app; sourceTree = BUILT_PRODUCTS_DIR; };
		E6C2315B187275D10029D57B /* Foundation.framework */ = {isa = PBXFileReference; lastKnownFileType = wrapper.framework; name = Foundation.framework; path = System/Library/Frameworks/Foundation.framework; sourceTree = SDKROOT; };
		E6C2315D187275D10029D57B /* CoreGraphics.framework */ = {isa = PBXFileReference; lastKnownFileType = wrapper.framework; name = CoreGraphics.framework; path = System/Library/Frameworks/CoreGraphics.framework; sourceTree = SDKROOT; };
		E6C2315F187275D10029D57B /* UIKit.framework */ = {isa = PBXFileReference; lastKnownFileType = wrapper.framework; name = UIKit.framework; path = System/Library/Frameworks/UIKit.framework; sourceTree = SDKROOT; };
		E6C23163187275D10029D57B /* example-Info.plist */ = {isa = PBXFileReference; lastKnownFileType = text.plist.xml; path = "example-Info.plist"; sourceTree = "<group>"; };
		E6C23165187275D10029D57B /* en */ = {isa = PBXFileReference; lastKnownFileType = text.plist.strings; name = en; path = en.lproj/InfoPlist.strings; sourceTree = "<group>"; };
		E6C23167187275D10029D57B /* main.m */ = {isa = PBXFileReference; lastKnownFileType = sourcecode.c.objc; path = main.m; sourceTree = "<group>"; };
		E6C23169187275D10029D57B /* example-Prefix.pch */ = {isa = PBXFileReference; lastKnownFileType = sourcecode.c.h; path = "example-Prefix.pch"; sourceTree = "<group>"; };
		E6C2316A187275D10029D57B /* EJAppDelegate.h */ = {isa = PBXFileReference; lastKnownFileType = sourcecode.c.h; path = EJAppDelegate.h; sourceTree = "<group>"; };
		E6C2316B187275D20029D57B /* EJAppDelegate.m */ = {isa = PBXFileReference; lastKnownFileType = sourcecode.c.objc; path = EJAppDelegate.m; sourceTree = "<group>"; };
		E6C2316D187275D20029D57B /* Images.xcassets */ = {isa = PBXFileReference; lastKnownFileType = folder.assetcatalog; path = Images.xcassets; sourceTree = "<group>"; };
		E6C23174187275D20029D57B /* XCTest.framework */ = {isa = PBXFileReference; lastKnownFileType = wrapper.framework; name = XCTest.framework; path = Library/Frameworks/XCTest.framework; sourceTree = DEVELOPER_DIR; };
		E6C2317C187275D20029D57B /* exampleTests-Info.plist */ = {isa = PBXFileReference; lastKnownFileType = text.plist.xml; path = "exampleTests-Info.plist"; sourceTree = "<group>"; };
		E6C2317E187275D20029D57B /* en */ = {isa = PBXFileReference; lastKnownFileType = text.plist.strings; name = en; path = en.lproj/InfoPlist.strings; sourceTree = "<group>"; };
		E6C23180187275D20029D57B /* exampleTests.m */ = {isa = PBXFileReference; lastKnownFileType = sourcecode.c.objc; path = exampleTests.m; sourceTree = "<group>"; };
		E6C2318C187288C50029D57B /* EJViewController.h */ = {isa = PBXFileReference; fileEncoding = 4; lastKnownFileType = sourcecode.c.h; path = EJViewController.h; sourceTree = "<group>"; };
		E6C2318D187288C50029D57B /* EJViewController.m */ = {isa = PBXFileReference; fileEncoding = 4; lastKnownFileType = sourcecode.c.objc; path = EJViewController.m; sourceTree = "<group>"; };
		E6C2319018728E7C0029D57B /* winfw.h */ = {isa = PBXFileReference; fileEncoding = 4; lastKnownFileType = sourcecode.c.h; path = winfw.h; sourceTree = "<group>"; };
		E6C23192187291A80029D57B /* OpenGLES.framework */ = {isa = PBXFileReference; lastKnownFileType = wrapper.framework; name = OpenGLES.framework; path = System/Library/Frameworks/OpenGLES.framework; sourceTree = SDKROOT; };
		E6C262DE1872A244008035E3 /* CoreData.framework */ = {isa = PBXFileReference; lastKnownFileType = wrapper.framework; name = CoreData.framework; path = System/Library/Frameworks/CoreData.framework; sourceTree = SDKROOT; };
		E6C262E41872A91B008035E3 /* winfw.c */ = {isa = PBXFileReference; fileEncoding = 4; lastKnownFileType = sourcecode.c.c; path = winfw.c; sourceTree = "<group>"; };
		E6C263E11872ACEB008035E3 /* dfont.c */ = {isa = PBXFileReference; lastKnownFileType = sourcecode.c.c; name = dfont.c; path = ../../lib/dfont.c; sourceTree = "<group>"; };
		E6C263E21872ACEC008035E3 /* ejoy2dgame.c */ = {isa = PBXFileReference; lastKnownFileType = sourcecode.c.c; name = ejoy2dgame.c; path = ../../lib/ejoy2dgame.c; sourceTree = "<group>"; };
		E6C263E31872ACEC008035E3 /* fault.c */ = {isa = PBXFileReference; lastKnownFileType = sourcecode.c.c; name = fault.c; path = ../../lib/fault.c; sourceTree = "<group>"; };
		E6C263E41872ACEC008035E3 /* label.c */ = {isa = PBXFileReference; lastKnownFileType = sourcecode.c.c; name = label.c; path = ../../lib/label.c; sourceTree = "<group>"; };
		E6C263E51872ACEC008035E3 /* lmatrix.c */ = {isa = PBXFileReference; lastKnownFileType = sourcecode.c.c; name = lmatrix.c; path = ../../lib/lmatrix.c; sourceTree = "<group>"; };
		E6C263E61872ACEC008035E3 /* lparticle.c */ = {isa = PBXFileReference; lastKnownFileType = sourcecode.c.c; name = lparticle.c; path = ../../lib/lparticle.c; sourceTree = "<group>"; };
		E6C263E71872ACEC008035E3 /* lshader.c */ = {isa = PBXFileReference; lastKnownFileType = sourcecode.c.c; name = lshader.c; path = ../../lib/lshader.c; sourceTree = "<group>"; };
		E6C263E81872ACEC008035E3 /* lsprite.c */ = {isa = PBXFileReference; lastKnownFileType = sourcecode.c.c; name = lsprite.c; path = ../../lib/lsprite.c; sourceTree = "<group>"; };
		E6C263E91872ACEC008035E3 /* matrix.c */ = {isa = PBXFileReference; lastKnownFileType = sourcecode.c.c; name = matrix.c; path = ../../lib/matrix.c; sourceTree = "<group>"; };
		E6C263EA1872ACEC008035E3 /* particle.c */ = {isa = PBXFileReference; lastKnownFileType = sourcecode.c.c; name = particle.c; path = ../../lib/particle.c; sourceTree = "<group>"; };
		E6C263EB1872ACEC008035E3 /* ppm.c */ = {isa = PBXFileReference; lastKnownFileType = sourcecode.c.c; name = ppm.c; path = ../../lib/ppm.c; sourceTree = "<group>"; };
		E6C263EC1872ACEC008035E3 /* screen.c */ = {isa = PBXFileReference; lastKnownFileType = sourcecode.c.c; name = screen.c; path = ../../lib/screen.c; sourceTree = "<group>"; };
		E6C263ED1872ACEC008035E3 /* shader.c */ = {isa = PBXFileReference; lastKnownFileType = sourcecode.c.c; name = shader.c; path = ../../lib/shader.c; sourceTree = "<group>"; };
		E6C263EE1872ACEC008035E3 /* sprite.c */ = {isa = PBXFileReference; lastKnownFileType = sourcecode.c.c; name = sprite.c; path = ../../lib/sprite.c; sourceTree = "<group>"; };
		E6C263EF1872ACEC008035E3 /* spritepack.c */ = {isa = PBXFileReference; lastKnownFileType = sourcecode.c.c; name = spritepack.c; path = ../../lib/spritepack.c; sourceTree = "<group>"; };
		E6C263F01872ACEC008035E3 /* texture.c */ = {isa = PBXFileReference; lastKnownFileType = sourcecode.c.c; name = texture.c; path = ../../lib/texture.c; sourceTree = "<group>"; };
		E6C264031872AD44008035E3 /* dfont.h */ = {isa = PBXFileReference; fileEncoding = 4; lastKnownFileType = sourcecode.c.h; name = dfont.h; path = ../../lib/dfont.h; sourceTree = "<group>"; };
		E6C264041872AD44008035E3 /* ejoy2dgame.h */ = {isa = PBXFileReference; fileEncoding = 4; lastKnownFileType = sourcecode.c.h; name = ejoy2dgame.h; path = ../../lib/ejoy2dgame.h; sourceTree = "<group>"; };
		E6C264051872AD44008035E3 /* fault.h */ = {isa = PBXFileReference; fileEncoding = 4; lastKnownFileType = sourcecode.c.h; name = fault.h; path = ../../lib/fault.h; sourceTree = "<group>"; };
		E6C264061872AD44008035E3 /* label.h */ = {isa = PBXFileReference; fileEncoding = 4; lastKnownFileType = sourcecode.c.h; name = label.h; path = ../../lib/label.h; sourceTree = "<group>"; };
		E6C264071872AD44008035E3 /* list.h */ = {isa = PBXFileReference; fileEncoding = 4; lastKnownFileType = sourcecode.c.h; name = list.h; path = ../../lib/list.h; sourceTree = "<group>"; };
		E6C264081872AD44008035E3 /* lmatrix.h */ = {isa = PBXFileReference; fileEncoding = 4; lastKnownFileType = sourcecode.c.h; name = lmatrix.h; path = ../../lib/lmatrix.h; sourceTree = "<group>"; };
		E6C264091872AD44008035E3 /* matrix.h */ = {isa = PBXFileReference; fileEncoding = 4; lastKnownFileType = sourcecode.c.h; name = matrix.h; path = ../../lib/matrix.h; sourceTree = "<group>"; };
		E6C2640A1872AD44008035E3 /* opengl.h */ = {isa = PBXFileReference; fileEncoding = 4; lastKnownFileType = sourcecode.c.h; name = opengl.h; path = ../../lib/opengl.h; sourceTree = "<group>"; };
		E6C2640B1872AD44008035E3 /* particle.h */ = {isa = PBXFileReference; fileEncoding = 4; lastKnownFileType = sourcecode.c.h; name = particle.h; path = ../../lib/particle.h; sourceTree = "<group>"; };
		E6C2640C1872AD44008035E3 /* ppm.h */ = {isa = PBXFileReference; fileEncoding = 4; lastKnownFileType = sourcecode.c.h; name = ppm.h; path = ../../lib/ppm.h; sourceTree = "<group>"; };
		E6C2640D1872AD44008035E3 /* screen.h */ = {isa = PBXFileReference; fileEncoding = 4; lastKnownFileType = sourcecode.c.h; name = screen.h; path = ../../lib/screen.h; sourceTree = "<group>"; };
		E6C2640E1872AD44008035E3 /* shader.h */ = {isa = PBXFileReference; fileEncoding = 4; lastKnownFileType = sourcecode.c.h; name = shader.h; path = ../../lib/shader.h; sourceTree = "<group>"; };
		E6C2640F1872AD44008035E3 /* sprite.h */ = {isa = PBXFileReference; fileEncoding = 4; lastKnownFileType = sourcecode.c.h; name = sprite.h; path = ../../lib/sprite.h; sourceTree = "<group>"; };
		E6C264101872AD44008035E3 /* spritepack.h */ = {isa = PBXFileReference; fileEncoding = 4; lastKnownFileType = sourcecode.c.h; name = spritepack.h; path = ../../lib/spritepack.h; sourceTree = "<group>"; };
		E6C264111872AD44008035E3 /* texture.h */ = {isa = PBXFileReference; fileEncoding = 4; lastKnownFileType = sourcecode.c.h; name = texture.h; path = ../../lib/texture.h; sourceTree = "<group>"; };
		E6C264131872B266008035E3 /* font.m */ = {isa = PBXFileReference; fileEncoding = 4; lastKnownFileType = sourcecode.c.objc; path = font.m; sourceTree = "<group>"; };
		E6C2642C1872CD4D008035E3 /* ejoy2d */ = {isa = PBXFileReference; lastKnownFileType = folder; name = ejoy2d; path = ../../ejoy2d; sourceTree = "<group>"; };
		E6C264311872E451008035E3 /* examples */ = {isa = PBXFileReference; lastKnownFileType = folder; name = examples; path = ../../examples; sourceTree = "<group>"; };
		E6C26433187308CB008035E3 /* GLKit.framework */ = {isa = PBXFileReference; lastKnownFileType = wrapper.framework; name = GLKit.framework; path = System/Library/Frameworks/GLKit.framework; sourceTree = SDKROOT; };
		E6EF87CA18D2CE0800F01E49 /* lapi.c */ = {isa = PBXFileReference; fileEncoding = 4; lastKnownFileType = sourcecode.c.c; path = lapi.c; sourceTree = "<group>"; };
		E6EF87CB18D2CE0800F01E49 /* lapi.h */ = {isa = PBXFileReference; fileEncoding = 4; lastKnownFileType = sourcecode.c.h; path = lapi.h; sourceTree = "<group>"; };
		E6EF87CC18D2CE0800F01E49 /* lauxlib.c */ = {isa = PBXFileReference; fileEncoding = 4; lastKnownFileType = sourcecode.c.c; path = lauxlib.c; sourceTree = "<group>"; };
		E6EF87CD18D2CE0800F01E49 /* lauxlib.h */ = {isa = PBXFileReference; fileEncoding = 4; lastKnownFileType = sourcecode.c.h; path = lauxlib.h; sourceTree = "<group>"; };
		E6EF87CE18D2CE0800F01E49 /* lbaselib.c */ = {isa = PBXFileReference; fileEncoding = 4; lastKnownFileType = sourcecode.c.c; path = lbaselib.c; sourceTree = "<group>"; };
		E6EF87CF18D2CE0800F01E49 /* lbitlib.c */ = {isa = PBXFileReference; fileEncoding = 4; lastKnownFileType = sourcecode.c.c; path = lbitlib.c; sourceTree = "<group>"; };
		E6EF87D018D2CE0800F01E49 /* lcode.c */ = {isa = PBXFileReference; fileEncoding = 4; lastKnownFileType = sourcecode.c.c; path = lcode.c; sourceTree = "<group>"; };
		E6EF87D118D2CE0800F01E49 /* lcode.h */ = {isa = PBXFileReference; fileEncoding = 4; lastKnownFileType = sourcecode.c.h; path = lcode.h; sourceTree = "<group>"; };
		E6EF87D218D2CE0800F01E49 /* lcorolib.c */ = {isa = PBXFileReference; fileEncoding = 4; lastKnownFileType = sourcecode.c.c; path = lcorolib.c; sourceTree = "<group>"; };
		E6EF87D318D2CE0800F01E49 /* lctype.c */ = {isa = PBXFileReference; fileEncoding = 4; lastKnownFileType = sourcecode.c.c; path = lctype.c; sourceTree = "<group>"; };
		E6EF87D418D2CE0800F01E49 /* lctype.h */ = {isa = PBXFileReference; fileEncoding = 4; lastKnownFileType = sourcecode.c.h; path = lctype.h; sourceTree = "<group>"; };
		E6EF87D518D2CE0800F01E49 /* ldblib.c */ = {isa = PBXFileReference; fileEncoding = 4; lastKnownFileType = sourcecode.c.c; path = ldblib.c; sourceTree = "<group>"; };
		E6EF87D618D2CE0800F01E49 /* ldebug.c */ = {isa = PBXFileReference; fileEncoding = 4; lastKnownFileType = sourcecode.c.c; path = ldebug.c; sourceTree = "<group>"; };
		E6EF87D718D2CE0800F01E49 /* ldebug.h */ = {isa = PBXFileReference; fileEncoding = 4; lastKnownFileType = sourcecode.c.h; path = ldebug.h; sourceTree = "<group>"; };
		E6EF87D818D2CE0800F01E49 /* ldo.c */ = {isa = PBXFileReference; fileEncoding = 4; lastKnownFileType = sourcecode.c.c; path = ldo.c; sourceTree = "<group>"; };
		E6EF87D918D2CE0800F01E49 /* ldo.h */ = {isa = PBXFileReference; fileEncoding = 4; lastKnownFileType = sourcecode.c.h; path = ldo.h; sourceTree = "<group>"; };
		E6EF87DA18D2CE0800F01E49 /* ldump.c */ = {isa = PBXFileReference; fileEncoding = 4; lastKnownFileType = sourcecode.c.c; path = ldump.c; sourceTree = "<group>"; };
		E6EF87DB18D2CE0800F01E49 /* lfunc.c */ = {isa = PBXFileReference; fileEncoding = 4; lastKnownFileType = sourcecode.c.c; path = lfunc.c; sourceTree = "<group>"; };
		E6EF87DC18D2CE0800F01E49 /* lfunc.h */ = {isa = PBXFileReference; fileEncoding = 4; lastKnownFileType = sourcecode.c.h; path = lfunc.h; sourceTree = "<group>"; };
		E6EF87DD18D2CE0800F01E49 /* lgc.c */ = {isa = PBXFileReference; fileEncoding = 4; lastKnownFileType = sourcecode.c.c; path = lgc.c; sourceTree = "<group>"; };
		E6EF87DE18D2CE0800F01E49 /* lgc.h */ = {isa = PBXFileReference; fileEncoding = 4; lastKnownFileType = sourcecode.c.h; path = lgc.h; sourceTree = "<group>"; };
		E6EF87DF18D2CE0800F01E49 /* linit.c */ = {isa = PBXFileReference; fileEncoding = 4; lastKnownFileType = sourcecode.c.c; path = linit.c; sourceTree = "<group>"; };
		E6EF87E018D2CE0800F01E49 /* liolib.c */ = {isa = PBXFileReference; fileEncoding = 4; lastKnownFileType = sourcecode.c.c; path = liolib.c; sourceTree = "<group>"; };
		E6EF87E118D2CE0800F01E49 /* llex.c */ = {isa = PBXFileReference; fileEncoding = 4; lastKnownFileType = sourcecode.c.c; path = llex.c; sourceTree = "<group>"; };
		E6EF87E218D2CE0800F01E49 /* llex.h */ = {isa = PBXFileReference; fileEncoding = 4; lastKnownFileType = sourcecode.c.h; path = llex.h; sourceTree = "<group>"; };
		E6EF87E318D2CE0800F01E49 /* llimits.h */ = {isa = PBXFileReference; fileEncoding = 4; lastKnownFileType = sourcecode.c.h; path = llimits.h; sourceTree = "<group>"; };
		E6EF87E418D2CE0800F01E49 /* lmathlib.c */ = {isa = PBXFileReference; fileEncoding = 4; lastKnownFileType = sourcecode.c.c; path = lmathlib.c; sourceTree = "<group>"; };
		E6EF87E518D2CE0800F01E49 /* lmem.c */ = {isa = PBXFileReference; fileEncoding = 4; lastKnownFileType = sourcecode.c.c; path = lmem.c; sourceTree = "<group>"; };
		E6EF87E618D2CE0800F01E49 /* lmem.h */ = {isa = PBXFileReference; fileEncoding = 4; lastKnownFileType = sourcecode.c.h; path = lmem.h; sourceTree = "<group>"; };
		E6EF87E718D2CE0800F01E49 /* loadlib.c */ = {isa = PBXFileReference; fileEncoding = 4; lastKnownFileType = sourcecode.c.c; path = loadlib.c; sourceTree = "<group>"; };
		E6EF87E818D2CE0800F01E49 /* lobject.c */ = {isa = PBXFileReference; fileEncoding = 4; lastKnownFileType = sourcecode.c.c; path = lobject.c; sourceTree = "<group>"; };
		E6EF87E918D2CE0800F01E49 /* lobject.h */ = {isa = PBXFileReference; fileEncoding = 4; lastKnownFileType = sourcecode.c.h; path = lobject.h; sourceTree = "<group>"; };
		E6EF87EA18D2CE0800F01E49 /* lopcodes.c */ = {isa = PBXFileReference; fileEncoding = 4; lastKnownFileType = sourcecode.c.c; path = lopcodes.c; sourceTree = "<group>"; };
		E6EF87EB18D2CE0800F01E49 /* lopcodes.h */ = {isa = PBXFileReference; fileEncoding = 4; lastKnownFileType = sourcecode.c.h; path = lopcodes.h; sourceTree = "<group>"; };
		E6EF87EC18D2CE0800F01E49 /* loslib.c */ = {isa = PBXFileReference; fileEncoding = 4; lastKnownFileType = sourcecode.c.c; path = loslib.c; sourceTree = "<group>"; };
		E6EF87ED18D2CE0800F01E49 /* lparser.c */ = {isa = PBXFileReference; fileEncoding = 4; lastKnownFileType = sourcecode.c.c; path = lparser.c; sourceTree = "<group>"; };
		E6EF87EE18D2CE0800F01E49 /* lparser.h */ = {isa = PBXFileReference; fileEncoding = 4; lastKnownFileType = sourcecode.c.h; path = lparser.h; sourceTree = "<group>"; };
		E6EF87EF18D2CE0800F01E49 /* lstate.c */ = {isa = PBXFileReference; fileEncoding = 4; lastKnownFileType = sourcecode.c.c; path = lstate.c; sourceTree = "<group>"; };
		E6EF87F018D2CE0800F01E49 /* lstate.h */ = {isa = PBXFileReference; fileEncoding = 4; lastKnownFileType = sourcecode.c.h; path = lstate.h; sourceTree = "<group>"; };
		E6EF87F118D2CE0800F01E49 /* lstring.c */ = {isa = PBXFileReference; fileEncoding = 4; lastKnownFileType = sourcecode.c.c; path = lstring.c; sourceTree = "<group>"; };
		E6EF87F218D2CE0800F01E49 /* lstring.h */ = {isa = PBXFileReference; fileEncoding = 4; lastKnownFileType = sourcecode.c.h; path = lstring.h; sourceTree = "<group>"; };
		E6EF87F318D2CE0800F01E49 /* lstrlib.c */ = {isa = PBXFileReference; fileEncoding = 4; lastKnownFileType = sourcecode.c.c; path = lstrlib.c; sourceTree = "<group>"; };
		E6EF87F418D2CE0800F01E49 /* ltable.c */ = {isa = PBXFileReference; fileEncoding = 4; lastKnownFileType = sourcecode.c.c; path = ltable.c; sourceTree = "<group>"; };
		E6EF87F518D2CE0800F01E49 /* ltable.h */ = {isa = PBXFileReference; fileEncoding = 4; lastKnownFileType = sourcecode.c.h; path = ltable.h; sourceTree = "<group>"; };
		E6EF87F618D2CE0800F01E49 /* ltablib.c */ = {isa = PBXFileReference; fileEncoding = 4; lastKnownFileType = sourcecode.c.c; path = ltablib.c; sourceTree = "<group>"; };
		E6EF87F718D2CE0800F01E49 /* ltm.c */ = {isa = PBXFileReference; fileEncoding = 4; lastKnownFileType = sourcecode.c.c; path = ltm.c; sourceTree = "<group>"; };
		E6EF87F818D2CE0800F01E49 /* ltm.h */ = {isa = PBXFileReference; fileEncoding = 4; lastKnownFileType = sourcecode.c.h; path = ltm.h; sourceTree = "<group>"; };
		E6EF87F918D2CE0800F01E49 /* lua.h */ = {isa = PBXFileReference; fileEncoding = 4; lastKnownFileType = sourcecode.c.h; path = lua.h; sourceTree = "<group>"; };
		E6EF87FA18D2CE0800F01E49 /* luaconf.h */ = {isa = PBXFileReference; fileEncoding = 4; lastKnownFileType = sourcecode.c.h; path = luaconf.h; sourceTree = "<group>"; };
		E6EF87FB18D2CE0800F01E49 /* lualib.h */ = {isa = PBXFileReference; fileEncoding = 4; lastKnownFileType = sourcecode.c.h; path = lualib.h; sourceTree = "<group>"; };
		E6EF87FC18D2CE0800F01E49 /* lundump.c */ = {isa = PBXFileReference; fileEncoding = 4; lastKnownFileType = sourcecode.c.c; path = lundump.c; sourceTree = "<group>"; };
		E6EF87FD18D2CE0800F01E49 /* lundump.h */ = {isa = PBXFileReference; fileEncoding = 4; lastKnownFileType = sourcecode.c.h; path = lundump.h; sourceTree = "<group>"; };
		E6EF87FE18D2CE0800F01E49 /* lvm.c */ = {isa = PBXFileReference; fileEncoding = 4; lastKnownFileType = sourcecode.c.c; path = lvm.c; sourceTree = "<group>"; };
		E6EF87FF18D2CE0800F01E49 /* lvm.h */ = {isa = PBXFileReference; fileEncoding = 4; lastKnownFileType = sourcecode.c.h; path = lvm.h; sourceTree = "<group>"; };
		E6EF880018D2CE0800F01E49 /* lzio.c */ = {isa = PBXFileReference; fileEncoding = 4; lastKnownFileType = sourcecode.c.c; path = lzio.c; sourceTree = "<group>"; };
		E6EF880118D2CE0800F01E49 /* lzio.h */ = {isa = PBXFileReference; fileEncoding = 4; lastKnownFileType = sourcecode.c.h; path = lzio.h; sourceTree = "<group>"; };
/* End PBXFileReference section */

/* Begin PBXFrameworksBuildPhase section */
		E6C23155187275D10029D57B /* Frameworks */ = {
			isa = PBXFrameworksBuildPhase;
			buildActionMask = 2147483647;
			files = (
				E6C26434187308CB008035E3 /* GLKit.framework in Frameworks */,
				E6C23193187291A80029D57B /* OpenGLES.framework in Frameworks */,
				E6C2315E187275D10029D57B /* CoreGraphics.framework in Frameworks */,
				E6C23160187275D10029D57B /* UIKit.framework in Frameworks */,
				E6C2315C187275D10029D57B /* Foundation.framework in Frameworks */,
			);
			runOnlyForDeploymentPostprocessing = 0;
		};
/* End PBXFrameworksBuildPhase section */

/* Begin PBXGroup section */
		5E344A821A011ADA00FC33BD /* render */ = {
			isa = PBXGroup;
			children = (
				5E344A831A011ADA00FC33BD /* blendmode.h */,
				5E344A841A011ADA00FC33BD /* block.h */,
				5E344A851A011ADA00FC33BD /* carray.c */,
				5E344A861A011ADA00FC33BD /* carray.h */,
				5E344A871A011ADA00FC33BD /* log.c */,
				5E344A881A011ADA00FC33BD /* log.h */,
				5E344A891A011ADA00FC33BD /* render.c */,
				5E344A8A1A011ADA00FC33BD /* render.h */,
			);
			name = render;
			path = ../../lib/render;
			sourceTree = "<group>";
		};
		E6C2314F187275D10029D57B = {
			isa = PBXGroup;
			children = (
				E6EF87C918D2CE0800F01E49 /* lua */,
				E6C264311872E451008035E3 /* examples */,
				E6C2642C1872CD4D008035E3 /* ejoy2d */,
				E6C264021872AD22008035E3 /* lib */,
				E6C23161187275D10029D57B /* example */,
				E6C2317A187275D20029D57B /* exampleTests */,
				E6C2315A187275D10029D57B /* Frameworks */,
				E6C23159187275D10029D57B /* Products */,
			);
			sourceTree = "<group>";
		};
		E6C23159187275D10029D57B /* Products */ = {
			isa = PBXGroup;
			children = (
				E6C23158187275D10029D57B /* example.app */,
			);
			name = Products;
			sourceTree = "<group>";
		};
		E6C2315A187275D10029D57B /* Frameworks */ = {
			isa = PBXGroup;
			children = (
				E6C26433187308CB008035E3 /* GLKit.framework */,
				E6C262DE1872A244008035E3 /* CoreData.framework */,
				E6C23192187291A80029D57B /* OpenGLES.framework */,
				E6C2315B187275D10029D57B /* Foundation.framework */,
				E6C2315D187275D10029D57B /* CoreGraphics.framework */,
				E6C2315F187275D10029D57B /* UIKit.framework */,
				E6C23174187275D20029D57B /* XCTest.framework */,
			);
			name = Frameworks;
			sourceTree = "<group>";
		};
		E6C23161187275D10029D57B /* example */ = {
			isa = PBXGroup;
			children = (
				E6C264131872B266008035E3 /* font.m */,
				E6C262E41872A91B008035E3 /* winfw.c */,
				E6C2319018728E7C0029D57B /* winfw.h */,
				E6C2318C187288C50029D57B /* EJViewController.h */,
				E6C2318D187288C50029D57B /* EJViewController.m */,
				E6C2316A187275D10029D57B /* EJAppDelegate.h */,
				E6C2316B187275D20029D57B /* EJAppDelegate.m */,
				E6C2316D187275D20029D57B /* Images.xcassets */,
				E6C23162187275D10029D57B /* Supporting Files */,
			);
			path = example;
			sourceTree = "<group>";
		};
		E6C23162187275D10029D57B /* Supporting Files */ = {
			isa = PBXGroup;
			children = (
				E6C23163187275D10029D57B /* example-Info.plist */,
				E6C23164187275D10029D57B /* InfoPlist.strings */,
				E6C23167187275D10029D57B /* main.m */,
				E6C23169187275D10029D57B /* example-Prefix.pch */,
			);
			name = "Supporting Files";
			sourceTree = "<group>";
		};
		E6C2317A187275D20029D57B /* exampleTests */ = {
			isa = PBXGroup;
			children = (
				E6C23180187275D20029D57B /* exampleTests.m */,
				E6C2317B187275D20029D57B /* Supporting Files */,
			);
			path = exampleTests;
			sourceTree = "<group>";
		};
		E6C2317B187275D20029D57B /* Supporting Files */ = {
			isa = PBXGroup;
			children = (
				E6C2317C187275D20029D57B /* exampleTests-Info.plist */,
				E6C2317D187275D20029D57B /* InfoPlist.strings */,
			);
			name = "Supporting Files";
			sourceTree = "<group>";
		};
		E6C264021872AD22008035E3 /* lib */ = {
			isa = PBXGroup;
			children = (
				5E344A821A011ADA00FC33BD /* render */,
				5E344A7C1A0119F800FC33BD /* array.h */,
				5E344A7D1A0119F800FC33BD /* lrenderbuffer.h */,
				5E344A7E1A0119F800FC33BD /* platform_print.h */,
				5E344A801A0119F800FC33BD /* renderbuffer.h */,
				AE7789AD19C161E300AFCC14 /* lrenderbuffer.c */,
				AE7789AE19C161E300AFCC14 /* renderbuffer.c */,
				E675687D18756D8B00466F0C /* scissor.c */,
				E675687E18756D8B00466F0C /* scissor.h */,
				E6C264031872AD44008035E3 /* dfont.h */,
				E6C264041872AD44008035E3 /* ejoy2dgame.h */,
				E6C264051872AD44008035E3 /* fault.h */,
				E6C264061872AD44008035E3 /* label.h */,
				E6C264071872AD44008035E3 /* list.h */,
				E6C264081872AD44008035E3 /* lmatrix.h */,
				E6C264091872AD44008035E3 /* matrix.h */,
				E6C2640A1872AD44008035E3 /* opengl.h */,
				E6C2640B1872AD44008035E3 /* particle.h */,
				E6C2640C1872AD44008035E3 /* ppm.h */,
				E6C2640D1872AD44008035E3 /* screen.h */,
				E6C2640E1872AD44008035E3 /* shader.h */,
				E6C2640F1872AD44008035E3 /* sprite.h */,
				E6C264101872AD44008035E3 /* spritepack.h */,
				E6C264111872AD44008035E3 /* texture.h */,
				E6C263E11872ACEB008035E3 /* dfont.c */,
				E6C263E21872ACEC008035E3 /* ejoy2dgame.c */,
				E6C263E31872ACEC008035E3 /* fault.c */,
				E6C263E41872ACEC008035E3 /* label.c */,
				E6C263E51872ACEC008035E3 /* lmatrix.c */,
				E6C263E61872ACEC008035E3 /* lparticle.c */,
				E6C263E71872ACEC008035E3 /* lshader.c */,
				E6C263E81872ACEC008035E3 /* lsprite.c */,
				E6C263E91872ACEC008035E3 /* matrix.c */,
				E6C263EA1872ACEC008035E3 /* particle.c */,
				E6C263EB1872ACEC008035E3 /* ppm.c */,
				E6C263EC1872ACEC008035E3 /* screen.c */,
				E6C263ED1872ACEC008035E3 /* shader.c */,
				E6C263EE1872ACEC008035E3 /* sprite.c */,
				E6C263EF1872ACEC008035E3 /* spritepack.c */,
				E6C263F01872ACEC008035E3 /* texture.c */,
			);
			name = lib;
			sourceTree = "<group>";
		};
		E6EF87C918D2CE0800F01E49 /* lua */ = {
			isa = PBXGroup;
			children = (
				AE45D9681A7F288500B2C552 /* lprefix.h */,
				AE45D9691A7F288500B2C552 /* lua.hpp */,
				AE45D96A1A7F288500B2C552 /* lutf8lib.c */,
				E6EF87CA18D2CE0800F01E49 /* lapi.c */,
				E6EF87CB18D2CE0800F01E49 /* lapi.h */,
				E6EF87CC18D2CE0800F01E49 /* lauxlib.c */,
				E6EF87CD18D2CE0800F01E49 /* lauxlib.h */,
				E6EF87CE18D2CE0800F01E49 /* lbaselib.c */,
				E6EF87CF18D2CE0800F01E49 /* lbitlib.c */,
				E6EF87D018D2CE0800F01E49 /* lcode.c */,
				E6EF87D118D2CE0800F01E49 /* lcode.h */,
				E6EF87D218D2CE0800F01E49 /* lcorolib.c */,
				E6EF87D318D2CE0800F01E49 /* lctype.c */,
				E6EF87D418D2CE0800F01E49 /* lctype.h */,
				E6EF87D518D2CE0800F01E49 /* ldblib.c */,
				E6EF87D618D2CE0800F01E49 /* ldebug.c */,
				E6EF87D718D2CE0800F01E49 /* ldebug.h */,
				E6EF87D818D2CE0800F01E49 /* ldo.c */,
				E6EF87D918D2CE0800F01E49 /* ldo.h */,
				E6EF87DA18D2CE0800F01E49 /* ldump.c */,
				E6EF87DB18D2CE0800F01E49 /* lfunc.c */,
				E6EF87DC18D2CE0800F01E49 /* lfunc.h */,
				E6EF87DD18D2CE0800F01E49 /* lgc.c */,
				E6EF87DE18D2CE0800F01E49 /* lgc.h */,
				E6EF87DF18D2CE0800F01E49 /* linit.c */,
				E6EF87E018D2CE0800F01E49 /* liolib.c */,
				E6EF87E118D2CE0800F01E49 /* llex.c */,
				E6EF87E218D2CE0800F01E49 /* llex.h */,
				E6EF87E318D2CE0800F01E49 /* llimits.h */,
				E6EF87E418D2CE0800F01E49 /* lmathlib.c */,
				E6EF87E518D2CE0800F01E49 /* lmem.c */,
				E6EF87E618D2CE0800F01E49 /* lmem.h */,
				E6EF87E718D2CE0800F01E49 /* loadlib.c */,
				E6EF87E818D2CE0800F01E49 /* lobject.c */,
				E6EF87E918D2CE0800F01E49 /* lobject.h */,
				E6EF87EA18D2CE0800F01E49 /* lopcodes.c */,
				E6EF87EB18D2CE0800F01E49 /* lopcodes.h */,
				E6EF87EC18D2CE0800F01E49 /* loslib.c */,
				E6EF87ED18D2CE0800F01E49 /* lparser.c */,
				E6EF87EE18D2CE0800F01E49 /* lparser.h */,
				E6EF87EF18D2CE0800F01E49 /* lstate.c */,
				E6EF87F018D2CE0800F01E49 /* lstate.h */,
				E6EF87F118D2CE0800F01E49 /* lstring.c */,
				E6EF87F218D2CE0800F01E49 /* lstring.h */,
				E6EF87F318D2CE0800F01E49 /* lstrlib.c */,
				E6EF87F418D2CE0800F01E49 /* ltable.c */,
				E6EF87F518D2CE0800F01E49 /* ltable.h */,
				E6EF87F618D2CE0800F01E49 /* ltablib.c */,
				E6EF87F718D2CE0800F01E49 /* ltm.c */,
				E6EF87F818D2CE0800F01E49 /* ltm.h */,
				E6EF87F918D2CE0800F01E49 /* lua.h */,
				E6EF87FA18D2CE0800F01E49 /* luaconf.h */,
				E6EF87FB18D2CE0800F01E49 /* lualib.h */,
				E6EF87FC18D2CE0800F01E49 /* lundump.c */,
				E6EF87FD18D2CE0800F01E49 /* lundump.h */,
				E6EF87FE18D2CE0800F01E49 /* lvm.c */,
				E6EF87FF18D2CE0800F01E49 /* lvm.h */,
				E6EF880018D2CE0800F01E49 /* lzio.c */,
				E6EF880118D2CE0800F01E49 /* lzio.h */,
			);
			name = lua;
			path = ../../lua;
			sourceTree = "<group>";
		};
/* End PBXGroup section */

/* Begin PBXNativeTarget section */
		E6C23157187275D10029D57B /* example */ = {
			isa = PBXNativeTarget;
			buildConfigurationList = E6C23184187275D20029D57B /* Build configuration list for PBXNativeTarget "example" */;
			buildPhases = (
				E6C23154187275D10029D57B /* Sources */,
				E6C23155187275D10029D57B /* Frameworks */,
				E6C23156187275D10029D57B /* Resources */,
			);
			buildRules = (
			);
			dependencies = (
			);
			name = example;
			productName = example;
			productReference = E6C23158187275D10029D57B /* example.app */;
			productType = "com.apple.product-type.application";
		};
/* End PBXNativeTarget section */

/* Begin PBXProject section */
		E6C23150187275D10029D57B /* Project object */ = {
			isa = PBXProject;
			attributes = {
				CLASSPREFIX = EJ;
				LastUpgradeCheck = 0500;
				ORGANIZATIONNAME = ejoy2d;
			};
			buildConfigurationList = E6C23153187275D10029D57B /* Build configuration list for PBXProject "example" */;
			compatibilityVersion = "Xcode 3.2";
			developmentRegion = English;
			hasScannedForEncodings = 0;
			knownRegions = (
				en,
			);
			mainGroup = E6C2314F187275D10029D57B;
			productRefGroup = E6C23159187275D10029D57B /* Products */;
			projectDirPath = "";
			projectRoot = "";
			targets = (
				E6C23157187275D10029D57B /* example */,
			);
		};
/* End PBXProject section */

/* Begin PBXResourcesBuildPhase section */
		E6C23156187275D10029D57B /* Resources */ = {
			isa = PBXResourcesBuildPhase;
			buildActionMask = 2147483647;
			files = (
				E6C264301872CE15008035E3 /* ejoy2d in Resources */,
				E6C23166187275D10029D57B /* InfoPlist.strings in Resources */,
				E6C2316E187275D20029D57B /* Images.xcassets in Resources */,
				E6C264321872E451008035E3 /* examples in Resources */,
			);
			runOnlyForDeploymentPostprocessing = 0;
		};
/* End PBXResourcesBuildPhase section */

/* Begin PBXSourcesBuildPhase section */
		E6C23154187275D10029D57B /* Sources */ = {
			isa = PBXSourcesBuildPhase;
			buildActionMask = 2147483647;
			files = (
				E6EF880F18D2CE0800F01E49 /* linit.c in Sources */,
				E6EF881518D2CE0800F01E49 /* lobject.c in Sources */,
				E6EF881D18D2CE0800F01E49 /* ltablib.c in Sources */,
				E6EF881C18D2CE0800F01E49 /* ltable.c in Sources */,
				E6C263F11872ACEC008035E3 /* dfont.c in Sources */,
				E6C263F21872ACEC008035E3 /* ejoy2dgame.c in Sources */,
				E6EF881818D2CE0800F01E49 /* lparser.c in Sources */,
				E6EF880D18D2CE0800F01E49 /* lfunc.c in Sources */,
				E6EF880518D2CE0800F01E49 /* lbitlib.c in Sources */,
				E6C263F31872ACEC008035E3 /* fault.c in Sources */,
				E6C263F41872ACEC008035E3 /* label.c in Sources */,
				E6C263F51872ACEC008035E3 /* lmatrix.c in Sources */,
				E6C263F61872ACEC008035E3 /* lparticle.c in Sources */,
				AE45D96B1A7F288500B2C552 /* lutf8lib.c in Sources */,
				E6EF881A18D2CE0800F01E49 /* lstring.c in Sources */,
				E6EF881718D2CE0800F01E49 /* loslib.c in Sources */,
				E6EF880418D2CE0800F01E49 /* lbaselib.c in Sources */,
				E6EF881318D2CE0800F01E49 /* lmem.c in Sources */,
				E6EF881418D2CE0800F01E49 /* loadlib.c in Sources */,
				5E344A8D1A011ADA00FC33BD /* render.c in Sources */,
				E6EF881E18D2CE0800F01E49 /* ltm.c in Sources */,
				E6EF881618D2CE0800F01E49 /* lopcodes.c in Sources */,
				E6EF881918D2CE0800F01E49 /* lstate.c in Sources */,
				E6EF880218D2CE0800F01E49 /* lapi.c in Sources */,
				E6EF880618D2CE0800F01E49 /* lcode.c in Sources */,
				E6EF881F18D2CE0800F01E49 /* lundump.c in Sources */,
				E6C263F71872ACEC008035E3 /* lshader.c in Sources */,
				E6C263F81872ACEC008035E3 /* lsprite.c in Sources */,
				E6EF881B18D2CE0800F01E49 /* lstrlib.c in Sources */,
				E6EF881218D2CE0800F01E49 /* lmathlib.c in Sources */,
				E6C263F91872ACEC008035E3 /* matrix.c in Sources */,
				E6C263FA1872ACEC008035E3 /* particle.c in Sources */,
				E6EF880A18D2CE0800F01E49 /* ldebug.c in Sources */,
				E6EF880318D2CE0800F01E49 /* lauxlib.c in Sources */,
				E6C263FB1872ACEC008035E3 /* ppm.c in Sources */,
				AE7789B019C161E300AFCC14 /* renderbuffer.c in Sources */,
				5E344A8C1A011ADA00FC33BD /* log.c in Sources */,
				E6C263FC1872ACEC008035E3 /* screen.c in Sources */,
				E6C263FD1872ACEC008035E3 /* shader.c in Sources */,
				E6C263FE1872ACEC008035E3 /* sprite.c in Sources */,
				E6EF882018D2CE0800F01E49 /* lvm.c in Sources */,
				E6C263FF1872ACEC008035E3 /* spritepack.c in Sources */,
				E6EF881018D2CE0800F01E49 /* liolib.c in Sources */,
				E6EF880C18D2CE0800F01E49 /* ldump.c in Sources */,
				E6EF880B18D2CE0800F01E49 /* ldo.c in Sources */,
				E6C264001872ACEC008035E3 /* texture.c in Sources */,
				E6EF880718D2CE0800F01E49 /* lcorolib.c in Sources */,
				E6C2318E187288C50029D57B /* EJViewController.m in Sources */,
				E6EF880E18D2CE0800F01E49 /* lgc.c in Sources */,
				E6EF881118D2CE0800F01E49 /* llex.c in Sources */,
				5E344A8B1A011ADA00FC33BD /* carray.c in Sources */,
				E6C262E51872A91B008035E3 /* winfw.c in Sources */,
				E6EF880918D2CE0800F01E49 /* ldblib.c in Sources */,
				E6C23168187275D10029D57B /* main.m in Sources */,
				AE7789AF19C161E300AFCC14 /* lrenderbuffer.c in Sources */,
				E6C264141872B266008035E3 /* font.m in Sources */,
				E6EF880818D2CE0800F01E49 /* lctype.c in Sources */,
				E675687F18756D8B00466F0C /* scissor.c in Sources */,
				E6C2316C187275D20029D57B /* EJAppDelegate.m in Sources */,
				E6EF882118D2CE0800F01E49 /* lzio.c in Sources */,
			);
			runOnlyForDeploymentPostprocessing = 0;
		};
/* End PBXSourcesBuildPhase section */

/* Begin PBXVariantGroup section */
		E6C23164187275D10029D57B /* InfoPlist.strings */ = {
			isa = PBXVariantGroup;
			children = (
				E6C23165187275D10029D57B /* en */,
			);
			name = InfoPlist.strings;
			sourceTree = "<group>";
		};
		E6C2317D187275D20029D57B /* InfoPlist.strings */ = {
			isa = PBXVariantGroup;
			children = (
				E6C2317E187275D20029D57B /* en */,
			);
			name = InfoPlist.strings;
			sourceTree = "<group>";
		};
/* End PBXVariantGroup section */

/* Begin XCBuildConfiguration section */
		E6C23182187275D20029D57B /* Debug */ = {
			isa = XCBuildConfiguration;
			buildSettings = {
				ALWAYS_SEARCH_USER_PATHS = NO;
				ARCHS = "$(ARCHS_STANDARD_INCLUDING_64_BIT)";
				CLANG_CXX_LANGUAGE_STANDARD = "gnu++0x";
				CLANG_CXX_LIBRARY = "libc++";
				CLANG_ENABLE_MODULES = YES;
				CLANG_ENABLE_OBJC_ARC = YES;
				CLANG_WARN_BOOL_CONVERSION = YES;
				CLANG_WARN_CONSTANT_CONVERSION = YES;
				CLANG_WARN_DIRECT_OBJC_ISA_USAGE = YES_ERROR;
				CLANG_WARN_EMPTY_BODY = YES;
				CLANG_WARN_ENUM_CONVERSION = YES;
				CLANG_WARN_INT_CONVERSION = YES;
				CLANG_WARN_OBJC_ROOT_CLASS = YES_ERROR;
				CLANG_WARN__DUPLICATE_METHOD_MATCH = YES;
				"CODE_SIGN_IDENTITY[sdk=iphoneos*]" = "iPhone Developer";
				COPY_PHASE_STRIP = NO;
				GCC_C_LANGUAGE_STANDARD = gnu99;
				GCC_DYNAMIC_NO_PIC = NO;
				GCC_OPTIMIZATION_LEVEL = 0;
				GCC_PREPROCESSOR_DEFINITIONS = (
					"DEBUG=1",
					"$(inherited)",
				);
				GCC_SYMBOLS_PRIVATE_EXTERN = NO;
				GCC_WARN_64_TO_32_BIT_CONVERSION = YES;
				GCC_WARN_ABOUT_RETURN_TYPE = YES_ERROR;
				GCC_WARN_UNDECLARED_SELECTOR = YES;
				GCC_WARN_UNINITIALIZED_AUTOS = YES;
				GCC_WARN_UNUSED_FUNCTION = YES;
				GCC_WARN_UNUSED_VARIABLE = YES;
				IPHONEOS_DEPLOYMENT_TARGET = 7.0;
				ONLY_ACTIVE_ARCH = YES;
				SDKROOT = iphoneos;
				TARGETED_DEVICE_FAMILY = "1,2";
			};
			name = Debug;
		};
		E6C23183187275D20029D57B /* Release */ = {
			isa = XCBuildConfiguration;
			buildSettings = {
				ALWAYS_SEARCH_USER_PATHS = NO;
				ARCHS = "$(ARCHS_STANDARD_INCLUDING_64_BIT)";
				CLANG_CXX_LANGUAGE_STANDARD = "gnu++0x";
				CLANG_CXX_LIBRARY = "libc++";
				CLANG_ENABLE_MODULES = YES;
				CLANG_ENABLE_OBJC_ARC = YES;
				CLANG_WARN_BOOL_CONVERSION = YES;
				CLANG_WARN_CONSTANT_CONVERSION = YES;
				CLANG_WARN_DIRECT_OBJC_ISA_USAGE = YES_ERROR;
				CLANG_WARN_EMPTY_BODY = YES;
				CLANG_WARN_ENUM_CONVERSION = YES;
				CLANG_WARN_INT_CONVERSION = YES;
				CLANG_WARN_OBJC_ROOT_CLASS = YES_ERROR;
				CLANG_WARN__DUPLICATE_METHOD_MATCH = YES;
				"CODE_SIGN_IDENTITY[sdk=iphoneos*]" = "iPhone Developer";
				COPY_PHASE_STRIP = YES;
				ENABLE_NS_ASSERTIONS = NO;
				GCC_C_LANGUAGE_STANDARD = gnu99;
				GCC_WARN_64_TO_32_BIT_CONVERSION = YES;
				GCC_WARN_ABOUT_RETURN_TYPE = YES_ERROR;
				GCC_WARN_UNDECLARED_SELECTOR = YES;
				GCC_WARN_UNINITIALIZED_AUTOS = YES;
				GCC_WARN_UNUSED_FUNCTION = YES;
				GCC_WARN_UNUSED_VARIABLE = YES;
				IPHONEOS_DEPLOYMENT_TARGET = 7.0;
				SDKROOT = iphoneos;
				TARGETED_DEVICE_FAMILY = "1,2";
				VALIDATE_PRODUCT = YES;
			};
			name = Release;
		};
		E6C23185187275D20029D57B /* Debug */ = {
			isa = XCBuildConfiguration;
			buildSettings = {
				ALWAYS_SEARCH_USER_PATHS = YES;
				ASSETCATALOG_COMPILER_APPICON_NAME = AppIcon;
				ASSETCATALOG_COMPILER_LAUNCHIMAGE_NAME = LaunchImage;
				CODE_SIGN_IDENTITY = "iPhone Developer";
				GCC_PRECOMPILE_PREFIX_HEADER = YES;
				GCC_PREFIX_HEADER = "example/example-Prefix.pch";
				GCC_PREPROCESSOR_DEFINITIONS = (
					"$(inherited)",
					"EJOY2D_OS=IOS",
				);
				HEADER_SEARCH_PATHS = (
					"$(inherited)",
					/Applications/Xcode.app/Contents/Developer/Toolchains/XcodeDefault.xctoolchain/usr/include,
					../../lib,
					../../lib/render,
					../../lua,
				);
				INFOPLIST_FILE = "example/example-Info.plist";
				OTHER_LDFLAGS = "-ObjC";
				PRODUCT_NAME = "$(TARGET_NAME)";
				WRAPPER_EXTENSION = app;
			};
			name = Debug;
		};
		E6C23186187275D20029D57B /* Release */ = {
			isa = XCBuildConfiguration;
			buildSettings = {
				ALWAYS_SEARCH_USER_PATHS = YES;
				ASSETCATALOG_COMPILER_APPICON_NAME = AppIcon;
				ASSETCATALOG_COMPILER_LAUNCHIMAGE_NAME = LaunchImage;
				CODE_SIGN_IDENTITY = "iPhone Developer";
				GCC_PRECOMPILE_PREFIX_HEADER = YES;
				GCC_PREFIX_HEADER = "example/example-Prefix.pch";
				GCC_PREPROCESSOR_DEFINITIONS = "EJOY2D_OS=IOS";
				HEADER_SEARCH_PATHS = (
					"$(inherited)",
					/Applications/Xcode.app/Contents/Developer/Toolchains/XcodeDefault.xctoolchain/usr/include,
					../../lib,
					../../lib/render,
					../../lua,
				);
				INFOPLIST_FILE = "example/example-Info.plist";
				OTHER_LDFLAGS = "-ObjC";
				PRODUCT_NAME = "$(TARGET_NAME)";
				WRAPPER_EXTENSION = app;
			};
			name = Release;
		};
/* End XCBuildConfiguration section */

/* Begin XCConfigurationList section */
		E6C23153187275D10029D57B /* Build configuration list for PBXProject "example" */ = {
			isa = XCConfigurationList;
			buildConfigurations = (
				E6C23182187275D20029D57B /* Debug */,
				E6C23183187275D20029D57B /* Release */,
			);
			defaultConfigurationIsVisible = 0;
			defaultConfigurationName = Release;
		};
		E6C23184187275D20029D57B /* Build configuration list for PBXNativeTarget "example" */ = {
			isa = XCConfigurationList;
			buildConfigurations = (
				E6C23185187275D20029D57B /* Debug */,
				E6C23186187275D20029D57B /* Release */,
			);
			defaultConfigurationIsVisible = 0;
			defaultConfigurationName = Release;
		};
/* End XCConfigurationList section */
	};
	rootObject = E6C23150187275D10029D57B /* Project object */;
}
